
Microsoft Visual Studio Solution File, Format Version 12.00
# Visual Studio 15
VisualStudioVersion = 15.0.27130.2020
MinimumVisualStudioVersion = 10.0.40219.1
Project("{2150E333-8FDC-42A3-9474-1A3956D46DE8}") = "src", "src", "{FD8CD4F9-5DFE-4B61-80ED-EA1ED759DA3B}"
EndProject
Project("{2150E333-8FDC-42A3-9474-1A3956D46DE8}") = "tests", "tests", "{482F0629-2239-4AC7-80CE-D3946FDFB1A2}"
EndProject
Project("{9A19103F-16F7-4668-BE54-9A1E7A4F7556}") = "RatanaLibrary.Cache", "src\RatanaLibrary.Cache\RatanaLibrary.Cache.csproj", "{F3474223-BA30-485A-91C6-F1D8C23813EB}"
EndProject
Project("{9A19103F-16F7-4668-BE54-9A1E7A4F7556}") = "RatanaLibrary.Email", "src\RatanaLibrary.Email\RatanaLibrary.Email.csproj", "{DF843466-0EA2-4063-92FD-F114C2A9C4B8}"
EndProject
Project("{9A19103F-16F7-4668-BE54-9A1E7A4F7556}") = "RatanaLibrary.Log", "src\RatanaLibrary.Log\RatanaLibrary.Log.csproj", "{048CDB33-2748-480A-8BA5-A222B948D2F4}"
EndProject
Project("{9A19103F-16F7-4668-BE54-9A1E7A4F7556}") = "RatanaLibrary.Profiler", "src\RatanaLibrary.Profiler\RatanaLibrary.Profiler.csproj", "{A27F9FB6-FBCF-4B6B-8DD0-0C33F7E5083C}"
EndProject
Project("{9A19103F-16F7-4668-BE54-9A1E7A4F7556}") = "Tests.RatanaLibrary", "tests\Tests.RatanaLibrary\Tests.RatanaLibrary.csproj", "{719D8392-120F-47AC-8398-F5A86DF7B34A}"
EndProject
Global
	GlobalSection(SolutionConfigurationPlatforms) = preSolution
		Debug|Any CPU = Debug|Any CPU
		Release|Any CPU = Release|Any CPU
	EndGlobalSection
	GlobalSection(ProjectConfigurationPlatforms) = postSolution
		{DF843466-0EA2-4063-92FD-F114C2A9C4B8}.Debug|Any CPU.ActiveCfg = Debug|Any CPU
		{DF843466-0EA2-4063-92FD-F114C2A9C4B8}.Debug|Any CPU.Build.0 = Debug|Any CPU
		{DF843466-0EA2-4063-92FD-F114C2A9C4B8}.Release|Any CPU.ActiveCfg = Release|Any CPU
		{DF843466-0EA2-4063-92FD-F114C2A9C4B8}.Release|Any CPU.Build.0 = Release|Any CPU
		{F3474223-BA30-485A-91C6-F1D8C23813EB}.Debug|Any CPU.ActiveCfg = Debug|Any CPU
		{F3474223-BA30-485A-91C6-F1D8C23813EB}.Debug|Any CPU.Build.0 = Debug|Any CPU
		{F3474223-BA30-485A-91C6-F1D8C23813EB}.Release|Any CPU.ActiveCfg = Release|Any CPU
		{F3474223-BA30-485A-91C6-F1D8C23813EB}.Release|Any CPU.Build.0 = Release|Any CPU
		{048CDB33-2748-480A-8BA5-A222B948D2F4}.Debug|Any CPU.ActiveCfg = Debug|Any CPU
		{048CDB33-2748-480A-8BA5-A222B948D2F4}.Debug|Any CPU.Build.0 = Debug|Any CPU
		{048CDB33-2748-480A-8BA5-A222B948D2F4}.Release|Any CPU.ActiveCfg = Release|Any CPU
		{048CDB33-2748-480A-8BA5-A222B948D2F4}.Release|Any CPU.Build.0 = Release|Any CPU
		{A27F9FB6-FBCF-4B6B-8DD0-0C33F7E5083C}.Debug|Any CPU.ActiveCfg = Debug|Any CPU
		{A27F9FB6-FBCF-4B6B-8DD0-0C33F7E5083C}.Debug|Any CPU.Build.0 = Debug|Any CPU
		{A27F9FB6-FBCF-4B6B-8DD0-0C33F7E5083C}.Release|Any CPU.ActiveCfg = Release|Any CPU
		{A27F9FB6-FBCF-4B6B-8DD0-0C33F7E5083C}.Release|Any CPU.Build.0 = Release|Any CPU
		{719D8392-120F-47AC-8398-F5A86DF7B34A}.Debug|Any CPU.ActiveCfg = Debug|Any CPU
		{719D8392-120F-47AC-8398-F5A86DF7B34A}.Debug|Any CPU.Build.0 = Debug|Any CPU
		{719D8392-120F-47AC-8398-F5A86DF7B34A}.Release|Any CPU.ActiveCfg = Release|Any CPU
		{719D8392-120F-47AC-8398-F5A86DF7B34A}.Release|Any CPU.Build.0 = Release|Any CPU
	EndGlobalSection
	GlobalSection(SolutionProperties) = preSolution
		HideSolutionNode = FALSE
	EndGlobalSection
	GlobalSection(NestedProjects) = preSolution
		{DF843466-0EA2-4063-92FD-F114C2A9C4B8} = {FD8CD4F9-5DFE-4B61-80ED-EA1ED759DA3B}
		{F3474223-BA30-485A-91C6-F1D8C23813EB} = {FD8CD4F9-5DFE-4B61-80ED-EA1ED759DA3B}
		{048CDB33-2748-480A-8BA5-A222B948D2F4} = {FD8CD4F9-5DFE-4B61-80ED-EA1ED759DA3B}
		{A27F9FB6-FBCF-4B6B-8DD0-0C33F7E5083C} = {FD8CD4F9-5DFE-4B61-80ED-EA1ED759DA3B}
		{719D8392-120F-47AC-8398-F5A86DF7B34A} = {482F0629-2239-4AC7-80CE-D3946FDFB1A2}
	EndGlobalSection
	GlobalSection(ExtensibilityGlobals) = postSolution
		SolutionGuid = {9CB3A3BF-AD13-473E-AE2C-1F87DFD37E15}
	EndGlobalSection
EndGlobal
