
Microsoft Visual Studio Solution File, Format Version 12.00
# Visual Studio 15
VisualStudioVersion = 15.0.27130.2020
MinimumVisualStudioVersion = 10.0.40219.1
Project("{2150E333-8FDC-42A3-9474-1A3956D46DE8}") = "src", "src", "{EF31AE7D-E922-4DFD-A3D4-B7BE4A33E2F9}"
EndProject
Project("{9A19103F-16F7-4668-BE54-9A1E7A4F7556}") = "RatanaLibrary.Email", "src\RatanaLibrary.Email\RatanaLibrary.Email.csproj", "{3200B878-9B42-4B04-8187-E3AEB0C93BA5}"
EndProject
Project("{9A19103F-16F7-4668-BE54-9A1E7A4F7556}") = "RatanaLibrary.Profiler", "src\RatanaLibrary.Profiler\RatanaLibrary.Profiler.csproj", "{A284DB6D-CA72-426C-8294-33F3AB34704D}"
EndProject
Project("{9A19103F-16F7-4668-BE54-9A1E7A4F7556}") = "RatanaLibrary.Cache", "src\RatanaLibrary.Cache\RatanaLibrary.Cache.csproj", "{750E2CC7-124E-40A9-9F9C-D81F28A88F1B}"
EndProject
Project("{FAE04EC0-301F-11D3-BF4B-00C04F79EFBC}") = "RatanaLibrary.Log", "src\RatanaLibrary.Log\RatanaLibrary.Log.csproj", "{408B3ADF-D25D-4403-9725-522B0928C021}"
EndProject
Project("{2150E333-8FDC-42A3-9474-1A3956D46DE8}") = "tests", "tests", "{713C4BAD-A89B-47BC-9636-7FA55A7D0842}"
EndProject
Project("{FAE04EC0-301F-11D3-BF4B-00C04F79EFBC}") = "Tests.RatanaLibrary", "tests\Tests.RatanaLibrary\Tests.RatanaLibrary.csproj", "{F17BCB79-FCAD-4CD0-A5A6-9F281ABA3178}"
EndProject
Global
	GlobalSection(SolutionConfigurationPlatforms) = preSolution
		Debug|Any CPU = Debug|Any CPU
		Release|Any CPU = Release|Any CPU
	EndGlobalSection
	GlobalSection(ProjectConfigurationPlatforms) = postSolution
		{3200B878-9B42-4B04-8187-E3AEB0C93BA5}.Debug|Any CPU.ActiveCfg = Debug|Any CPU
		{3200B878-9B42-4B04-8187-E3AEB0C93BA5}.Debug|Any CPU.Build.0 = Debug|Any CPU
		{3200B878-9B42-4B04-8187-E3AEB0C93BA5}.Release|Any CPU.ActiveCfg = Release|Any CPU
		{3200B878-9B42-4B04-8187-E3AEB0C93BA5}.Release|Any CPU.Build.0 = Release|Any CPU
		{A284DB6D-CA72-426C-8294-33F3AB34704D}.Debug|Any CPU.ActiveCfg = Debug|Any CPU
		{A284DB6D-CA72-426C-8294-33F3AB34704D}.Debug|Any CPU.Build.0 = Debug|Any CPU
		{A284DB6D-CA72-426C-8294-33F3AB34704D}.Release|Any CPU.ActiveCfg = Release|Any CPU
		{A284DB6D-CA72-426C-8294-33F3AB34704D}.Release|Any CPU.Build.0 = Release|Any CPU
		{750E2CC7-124E-40A9-9F9C-D81F28A88F1B}.Debug|Any CPU.ActiveCfg = Debug|Any CPU
		{750E2CC7-124E-40A9-9F9C-D81F28A88F1B}.Debug|Any CPU.Build.0 = Debug|Any CPU
		{750E2CC7-124E-40A9-9F9C-D81F28A88F1B}.Release|Any CPU.ActiveCfg = Release|Any CPU
		{750E2CC7-124E-40A9-9F9C-D81F28A88F1B}.Release|Any CPU.Build.0 = Release|Any CPU
		{408B3ADF-D25D-4403-9725-522B0928C021}.Debug|Any CPU.ActiveCfg = Debug|Any CPU
		{408B3ADF-D25D-4403-9725-522B0928C021}.Debug|Any CPU.Build.0 = Debug|Any CPU
		{408B3ADF-D25D-4403-9725-522B0928C021}.Release|Any CPU.ActiveCfg = Release|Any CPU
		{408B3ADF-D25D-4403-9725-522B0928C021}.Release|Any CPU.Build.0 = Release|Any CPU
		{F17BCB79-FCAD-4CD0-A5A6-9F281ABA3178}.Debug|Any CPU.ActiveCfg = Debug|Any CPU
		{F17BCB79-FCAD-4CD0-A5A6-9F281ABA3178}.Debug|Any CPU.Build.0 = Debug|Any CPU
		{F17BCB79-FCAD-4CD0-A5A6-9F281ABA3178}.Release|Any CPU.ActiveCfg = Release|Any CPU
		{F17BCB79-FCAD-4CD0-A5A6-9F281ABA3178}.Release|Any CPU.Build.0 = Release|Any CPU
	EndGlobalSection
	GlobalSection(SolutionProperties) = preSolution
		HideSolutionNode = FALSE
	EndGlobalSection
	GlobalSection(NestedProjects) = preSolution
		{3200B878-9B42-4B04-8187-E3AEB0C93BA5} = {EF31AE7D-E922-4DFD-A3D4-B7BE4A33E2F9}
		{A284DB6D-CA72-426C-8294-33F3AB34704D} = {EF31AE7D-E922-4DFD-A3D4-B7BE4A33E2F9}
		{750E2CC7-124E-40A9-9F9C-D81F28A88F1B} = {EF31AE7D-E922-4DFD-A3D4-B7BE4A33E2F9}
		{408B3ADF-D25D-4403-9725-522B0928C021} = {EF31AE7D-E922-4DFD-A3D4-B7BE4A33E2F9}
		{F17BCB79-FCAD-4CD0-A5A6-9F281ABA3178} = {713C4BAD-A89B-47BC-9636-7FA55A7D0842}
	EndGlobalSection
	GlobalSection(ExtensibilityGlobals) = postSolution
		SolutionGuid = {F20A98DB-F29D-4C54-AA8A-0A57BF6B0AFD}
	EndGlobalSection
EndGlobal
