
Microsoft Visual Studio Solution File, Format Version 12.00
# Visual Studio 14
VisualStudioVersion = 14.0.23107.0
MinimumVisualStudioVersion = 10.0.40219.1
Project("{2150E333-8FDC-42A3-9474-1A3956D46DE8}") = "src", "src", "{D940018E-B432-48B4-8CB8-57044E66AA26}"
EndProject
Project("{2150E333-8FDC-42A3-9474-1A3956D46DE8}") = "Solution Items", "Solution Items", "{37BC42AC-5B1E-40A6-B508-1AA52302E050}"
	ProjectSection(SolutionItems) = preProject
		global.json = global.json
	EndProjectSection
EndProject
Project("{FAE04EC0-301F-11D3-BF4B-00C04F79EFBC}") = "RatanaLibrary.Common", "src\RatanaLibrary.Common\RatanaLibrary.Common.csproj", "{67BC7FC7-1BD7-46F8-8E7B-96A3C12B35AD}"
EndProject
Global
	GlobalSection(SolutionConfigurationPlatforms) = preSolution
		Debug|Any CPU = Debug|Any CPU
		Release|Any CPU = Release|Any CPU
	EndGlobalSection
	GlobalSection(ProjectConfigurationPlatforms) = postSolution
		{67BC7FC7-1BD7-46F8-8E7B-96A3C12B35AD}.Debug|Any CPU.ActiveCfg = Debug|Any CPU
		{67BC7FC7-1BD7-46F8-8E7B-96A3C12B35AD}.Debug|Any CPU.Build.0 = Debug|Any CPU
		{67BC7FC7-1BD7-46F8-8E7B-96A3C12B35AD}.Release|Any CPU.ActiveCfg = Release|Any CPU
		{67BC7FC7-1BD7-46F8-8E7B-96A3C12B35AD}.Release|Any CPU.Build.0 = Release|Any CPU
	EndGlobalSection
	GlobalSection(SolutionProperties) = preSolution
		HideSolutionNode = FALSE
	EndGlobalSection
	GlobalSection(NestedProjects) = preSolution
		{67BC7FC7-1BD7-46F8-8E7B-96A3C12B35AD} = {D940018E-B432-48B4-8CB8-57044E66AA26}
	EndGlobalSection
EndGlobal
